// !$*UTF8*$!
{
	archiveVersion = 1;
	classes = {
	};
	objectVersion = 55;
	objects = {

/* Begin PBXBuildFile section */
		760C7A702857033300F9F3A3 /* PlayerModel.swift in Sources */ = {isa = PBXBuildFile; fileRef = 760C7A6F2857033300F9F3A3 /* PlayerModel.swift */; };
		760C7A722857039200F9F3A3 /* LandingPage.swift in Sources */ = {isa = PBXBuildFile; fileRef = 760C7A712857039200F9F3A3 /* LandingPage.swift */; };
		760C7A742857075D00F9F3A3 /* AddUsersPage.swift in Sources */ = {isa = PBXBuildFile; fileRef = 760C7A732857075D00F9F3A3 /* AddUsersPage.swift */; };
		760C7A7628570C7300F9F3A3 /* Extensions.swift in Sources */ = {isa = PBXBuildFile; fileRef = 760C7A7528570C7300F9F3A3 /* Extensions.swift */; };
		760C7A782857D2BB00F9F3A3 /* PlayingPage.swift in Sources */ = {isa = PBXBuildFile; fileRef = 760C7A772857D2BB00F9F3A3 /* PlayingPage.swift */; };
		763BBA71286981B700175022 /* PopUpBox.swift in Sources */ = {isa = PBXBuildFile; fileRef = 763BBA70286981B700175022 /* PopUpBox.swift */; };
		763BBA7328698CF000175022 /* GameModel.swift in Sources */ = {isa = PBXBuildFile; fileRef = 763BBA7228698CF000175022 /* GameModel.swift */; };
		764D38B12866FD4400FD2CA4 /* BackgroundGradient.swift in Sources */ = {isa = PBXBuildFile; fileRef = 764D38B02866FD4400FD2CA4 /* BackgroundGradient.swift */; };
		76D322382855B4E3008E1052 /* Monopoly_CalculatorApp.swift in Sources */ = {isa = PBXBuildFile; fileRef = 76D322372855B4E3008E1052 /* Monopoly_CalculatorApp.swift */; };
		76D3223A2855B4E3008E1052 /* ContentView.swift in Sources */ = {isa = PBXBuildFile; fileRef = 76D322392855B4E3008E1052 /* ContentView.swift */; };
		76D3223C2855B4E5008E1052 /* Assets.xcassets in Resources */ = {isa = PBXBuildFile; fileRef = 76D3223B2855B4E5008E1052 /* Assets.xcassets */; };
		76D3223F2855B4E5008E1052 /* Preview Assets.xcassets in Resources */ = {isa = PBXBuildFile; fileRef = 76D3223E2855B4E5008E1052 /* Preview Assets.xcassets */; };
/* End PBXBuildFile section */

/* Begin PBXFileReference section */
		760C7A6F2857033300F9F3A3 /* PlayerModel.swift */ = {isa = PBXFileReference; lastKnownFileType = sourcecode.swift; path = PlayerModel.swift; sourceTree = "<group>"; };
		760C7A712857039200F9F3A3 /* LandingPage.swift */ = {isa = PBXFileReference; lastKnownFileType = sourcecode.swift; path = LandingPage.swift; sourceTree = "<group>"; };
		760C7A732857075D00F9F3A3 /* AddUsersPage.swift */ = {isa = PBXFileReference; lastKnownFileType = sourcecode.swift; path = AddUsersPage.swift; sourceTree = "<group>"; };
		760C7A7528570C7300F9F3A3 /* Extensions.swift */ = {isa = PBXFileReference; lastKnownFileType = sourcecode.swift; path = Extensions.swift; sourceTree = "<group>"; };
		760C7A772857D2BB00F9F3A3 /* PlayingPage.swift */ = {isa = PBXFileReference; lastKnownFileType = sourcecode.swift; path = PlayingPage.swift; sourceTree = "<group>"; };
		763BBA70286981B700175022 /* PopUpBox.swift */ = {isa = PBXFileReference; lastKnownFileType = sourcecode.swift; path = PopUpBox.swift; sourceTree = "<group>"; };
		763BBA7228698CF000175022 /* GameModel.swift */ = {isa = PBXFileReference; lastKnownFileType = sourcecode.swift; path = GameModel.swift; sourceTree = "<group>"; };
		764D38B02866FD4400FD2CA4 /* BackgroundGradient.swift */ = {isa = PBXFileReference; lastKnownFileType = sourcecode.swift; path = BackgroundGradient.swift; sourceTree = "<group>"; };
		76D322342855B4E3008E1052 /* Monopoly Calculator.app */ = {isa = PBXFileReference; explicitFileType = wrapper.application; includeInIndex = 0; path = "Monopoly Calculator.app"; sourceTree = BUILT_PRODUCTS_DIR; };
		76D322372855B4E3008E1052 /* Monopoly_CalculatorApp.swift */ = {isa = PBXFileReference; lastKnownFileType = sourcecode.swift; path = Monopoly_CalculatorApp.swift; sourceTree = "<group>"; };
		76D322392855B4E3008E1052 /* ContentView.swift */ = {isa = PBXFileReference; lastKnownFileType = sourcecode.swift; path = ContentView.swift; sourceTree = "<group>"; };
		76D3223B2855B4E5008E1052 /* Assets.xcassets */ = {isa = PBXFileReference; lastKnownFileType = folder.assetcatalog; path = Assets.xcassets; sourceTree = "<group>"; };
		76D3223E2855B4E5008E1052 /* Preview Assets.xcassets */ = {isa = PBXFileReference; lastKnownFileType = folder.assetcatalog; path = "Preview Assets.xcassets"; sourceTree = "<group>"; };
/* End PBXFileReference section */

/* Begin PBXFrameworksBuildPhase section */
		76D322312855B4E3008E1052 /* Frameworks */ = {
			isa = PBXFrameworksBuildPhase;
			buildActionMask = 2147483647;
			files = (
			);
			runOnlyForDeploymentPostprocessing = 0;
		};
/* End PBXFrameworksBuildPhase section */

/* Begin PBXGroup section */
		76D3222B2855B4E3008E1052 = {
			isa = PBXGroup;
			children = (
				76D322362855B4E3008E1052 /* Monopoly Calculator */,
				76D322352855B4E3008E1052 /* Products */,
			);
			sourceTree = "<group>";
		};
		76D322352855B4E3008E1052 /* Products */ = {
			isa = PBXGroup;
			children = (
				76D322342855B4E3008E1052 /* Monopoly Calculator.app */,
			);
			name = Products;
			sourceTree = "<group>";
		};
		76D322362855B4E3008E1052 /* Monopoly Calculator */ = {
			isa = PBXGroup;
			children = (
				76D322372855B4E3008E1052 /* Monopoly_CalculatorApp.swift */,
				76D322392855B4E3008E1052 /* ContentView.swift */,
				760C7A712857039200F9F3A3 /* LandingPage.swift */,
				760C7A732857075D00F9F3A3 /* AddUsersPage.swift */,
				760C7A772857D2BB00F9F3A3 /* PlayingPage.swift */,
				763BBA70286981B700175022 /* PopUpBox.swift */,
				764D38B02866FD4400FD2CA4 /* BackgroundGradient.swift */,
				760C7A7528570C7300F9F3A3 /* Extensions.swift */,
				760C7A6F2857033300F9F3A3 /* PlayerModel.swift */,
				763BBA7228698CF000175022 /* GameModel.swift */,
				76D3223B2855B4E5008E1052 /* Assets.xcassets */,
				76D3223D2855B4E5008E1052 /* Preview Content */,
			);
			path = "Monopoly Calculator";
			sourceTree = "<group>";
		};
		76D3223D2855B4E5008E1052 /* Preview Content */ = {
			isa = PBXGroup;
			children = (
				76D3223E2855B4E5008E1052 /* Preview Assets.xcassets */,
			);
			path = "Preview Content";
			sourceTree = "<group>";
		};
/* End PBXGroup section */

/* Begin PBXNativeTarget section */
		76D322332855B4E3008E1052 /* Monopoly Calculator */ = {
			isa = PBXNativeTarget;
			buildConfigurationList = 76D322422855B4E5008E1052 /* Build configuration list for PBXNativeTarget "Monopoly Calculator" */;
			buildPhases = (
				76D322302855B4E3008E1052 /* Sources */,
				76D322312855B4E3008E1052 /* Frameworks */,
				76D322322855B4E3008E1052 /* Resources */,
			);
			buildRules = (
			);
			dependencies = (
			);
			name = "Monopoly Calculator";
			productName = "Monopoly Calculator";
			productReference = 76D322342855B4E3008E1052 /* Monopoly Calculator.app */;
			productType = "com.apple.product-type.application";
		};
/* End PBXNativeTarget section */

/* Begin PBXProject section */
		76D3222C2855B4E3008E1052 /* Project object */ = {
			isa = PBXProject;
			attributes = {
				BuildIndependentTargetsInParallel = 1;
				LastSwiftUpdateCheck = 1340;
				LastUpgradeCheck = 1340;
				TargetAttributes = {
					76D322332855B4E3008E1052 = {
						CreatedOnToolsVersion = 13.4.1;
					};
				};
			};
			buildConfigurationList = 76D3222F2855B4E3008E1052 /* Build configuration list for PBXProject "Monopoly Calculator" */;
			compatibilityVersion = "Xcode 13.0";
			developmentRegion = en;
			hasScannedForEncodings = 0;
			knownRegions = (
				en,
				Base,
			);
			mainGroup = 76D3222B2855B4E3008E1052;
			productRefGroup = 76D322352855B4E3008E1052 /* Products */;
			projectDirPath = "";
			projectRoot = "";
			targets = (
				76D322332855B4E3008E1052 /* Monopoly Calculator */,
			);
		};
/* End PBXProject section */

/* Begin PBXResourcesBuildPhase section */
		76D322322855B4E3008E1052 /* Resources */ = {
			isa = PBXResourcesBuildPhase;
			buildActionMask = 2147483647;
			files = (
				76D3223F2855B4E5008E1052 /* Preview Assets.xcassets in Resources */,
				76D3223C2855B4E5008E1052 /* Assets.xcassets in Resources */,
			);
			runOnlyForDeploymentPostprocessing = 0;
		};
/* End PBXResourcesBuildPhase section */

/* Begin PBXSourcesBuildPhase section */
		76D322302855B4E3008E1052 /* Sources */ = {
			isa = PBXSourcesBuildPhase;
			buildActionMask = 2147483647;
			files = (
				760C7A702857033300F9F3A3 /* PlayerModel.swift in Sources */,
				764D38B12866FD4400FD2CA4 /* BackgroundGradient.swift in Sources */,
				763BBA71286981B700175022 /* PopUpBox.swift in Sources */,
				760C7A782857D2BB00F9F3A3 /* PlayingPage.swift in Sources */,
				760C7A7628570C7300F9F3A3 /* Extensions.swift in Sources */,
				763BBA7328698CF000175022 /* GameModel.swift in Sources */,
				760C7A742857075D00F9F3A3 /* AddUsersPage.swift in Sources */,
				76D3223A2855B4E3008E1052 /* ContentView.swift in Sources */,
				760C7A722857039200F9F3A3 /* LandingPage.swift in Sources */,
				76D322382855B4E3008E1052 /* Monopoly_CalculatorApp.swift in Sources */,
			);
			runOnlyForDeploymentPostprocessing = 0;
		};
/* End PBXSourcesBuildPhase section */

/* Begin XCBuildConfiguration section */
		76D322402855B4E5008E1052 /* Debug */ = {
			isa = XCBuildConfiguration;
			buildSettings = {
				ALWAYS_SEARCH_USER_PATHS = NO;
				CLANG_ANALYZER_NONNULL = YES;
				CLANG_ANALYZER_NUMBER_OBJECT_CONVERSION = YES_AGGRESSIVE;
				CLANG_CXX_LANGUAGE_STANDARD = "gnu++17";
				CLANG_ENABLE_MODULES = YES;
				CLANG_ENABLE_OBJC_ARC = YES;
				CLANG_ENABLE_OBJC_WEAK = YES;
				CLANG_WARN_BLOCK_CAPTURE_AUTORELEASING = YES;
				CLANG_WARN_BOOL_CONVERSION = YES;
				CLANG_WARN_COMMA = YES;
				CLANG_WARN_CONSTANT_CONVERSION = YES;
				CLANG_WARN_DEPRECATED_OBJC_IMPLEMENTATIONS = YES;
				CLANG_WARN_DIRECT_OBJC_ISA_USAGE = YES_ERROR;
				CLANG_WARN_DOCUMENTATION_COMMENTS = YES;
				CLANG_WARN_EMPTY_BODY = YES;
				CLANG_WARN_ENUM_CONVERSION = YES;
				CLANG_WARN_INFINITE_RECURSION = YES;
				CLANG_WARN_INT_CONVERSION = YES;
				CLANG_WARN_NON_LITERAL_NULL_CONVERSION = YES;
				CLANG_WARN_OBJC_IMPLICIT_RETAIN_SELF = YES;
				CLANG_WARN_OBJC_LITERAL_CONVERSION = YES;
				CLANG_WARN_OBJC_ROOT_CLASS = YES_ERROR;
				CLANG_WARN_QUOTED_INCLUDE_IN_FRAMEWORK_HEADER = YES;
				CLANG_WARN_RANGE_LOOP_ANALYSIS = YES;
				CLANG_WARN_STRICT_PROTOTYPES = YES;
				CLANG_WARN_SUSPICIOUS_MOVE = YES;
				CLANG_WARN_UNGUARDED_AVAILABILITY = YES_AGGRESSIVE;
				CLANG_WARN_UNREACHABLE_CODE = YES;
				CLANG_WARN__DUPLICATE_METHOD_MATCH = YES;
				COPY_PHASE_STRIP = NO;
				DEBUG_INFORMATION_FORMAT = dwarf;
				ENABLE_STRICT_OBJC_MSGSEND = YES;
				ENABLE_TESTABILITY = YES;
				GCC_C_LANGUAGE_STANDARD = gnu11;
				GCC_DYNAMIC_NO_PIC = NO;
				GCC_NO_COMMON_BLOCKS = YES;
				GCC_OPTIMIZATION_LEVEL = 0;
				GCC_PREPROCESSOR_DEFINITIONS = (
					"DEBUG=1",
					"$(inherited)",
				);
				GCC_WARN_64_TO_32_BIT_CONVERSION = YES;
				GCC_WARN_ABOUT_RETURN_TYPE = YES_ERROR;
				GCC_WARN_UNDECLARED_SELECTOR = YES;
				GCC_WARN_UNINITIALIZED_AUTOS = YES_AGGRESSIVE;
				GCC_WARN_UNUSED_FUNCTION = YES;
				GCC_WARN_UNUSED_VARIABLE = YES;
				IPHONEOS_DEPLOYMENT_TARGET = 15.5;
				MTL_ENABLE_DEBUG_INFO = INCLUDE_SOURCE;
				MTL_FAST_MATH = YES;
				ONLY_ACTIVE_ARCH = YES;
				SDKROOT = iphoneos;
				SWIFT_ACTIVE_COMPILATION_CONDITIONS = DEBUG;
				SWIFT_OPTIMIZATION_LEVEL = "-Onone";
			};
			name = Debug;
		};
		76D322412855B4E5008E1052 /* Release */ = {
			isa = XCBuildConfiguration;
			buildSettings = {
				ALWAYS_SEARCH_USER_PATHS = NO;
				CLANG_ANALYZER_NONNULL = YES;
				CLANG_ANALYZER_NUMBER_OBJECT_CONVERSION = YES_AGGRESSIVE;
				CLANG_CXX_LANGUAGE_STANDARD = "gnu++17";
				CLANG_ENABLE_MODULES = YES;
				CLANG_ENABLE_OBJC_ARC = YES;
				CLANG_ENABLE_OBJC_WEAK = YES;
				CLANG_WARN_BLOCK_CAPTURE_AUTORELEASING = YES;
				CLANG_WARN_BOOL_CONVERSION = YES;
				CLANG_WARN_COMMA = YES;
				CLANG_WARN_CONSTANT_CONVERSION = YES;
				CLANG_WARN_DEPRECATED_OBJC_IMPLEMENTATIONS = YES;
				CLANG_WARN_DIRECT_OBJC_ISA_USAGE = YES_ERROR;
				CLANG_WARN_DOCUMENTATION_COMMENTS = YES;
				CLANG_WARN_EMPTY_BODY = YES;
				CLANG_WARN_ENUM_CONVERSION = YES;
				CLANG_WARN_INFINITE_RECURSION = YES;
				CLANG_WARN_INT_CONVERSION = YES;
				CLANG_WARN_NON_LITERAL_NULL_CONVERSION = YES;
				CLANG_WARN_OBJC_IMPLICIT_RETAIN_SELF = YES;
				CLANG_WARN_OBJC_LITERAL_CONVERSION = YES;
				CLANG_WARN_OBJC_ROOT_CLASS = YES_ERROR;
				CLANG_WARN_QUOTED_INCLUDE_IN_FRAMEWORK_HEADER = YES;
				CLANG_WARN_RANGE_LOOP_ANALYSIS = YES;
				CLANG_WARN_STRICT_PROTOTYPES = YES;
				CLANG_WARN_SUSPICIOUS_MOVE = YES;
				CLANG_WARN_UNGUARDED_AVAILABILITY = YES_AGGRESSIVE;
				CLANG_WARN_UNREACHABLE_CODE = YES;
				CLANG_WARN__DUPLICATE_METHOD_MATCH = YES;
				COPY_PHASE_STRIP = NO;
				DEBUG_INFORMATION_FORMAT = "dwarf-with-dsym";
				ENABLE_NS_ASSERTIONS = NO;
				ENABLE_STRICT_OBJC_MSGSEND = YES;
				GCC_C_LANGUAGE_STANDARD = gnu11;
				GCC_NO_COMMON_BLOCKS = YES;
				GCC_WARN_64_TO_32_BIT_CONVERSION = YES;
				GCC_WARN_ABOUT_RETURN_TYPE = YES_ERROR;
				GCC_WARN_UNDECLARED_SELECTOR = YES;
				GCC_WARN_UNINITIALIZED_AUTOS = YES_AGGRESSIVE;
				GCC_WARN_UNUSED_FUNCTION = YES;
				GCC_WARN_UNUSED_VARIABLE = YES;
				IPHONEOS_DEPLOYMENT_TARGET = 15.5;
				MTL_ENABLE_DEBUG_INFO = NO;
				MTL_FAST_MATH = YES;
				SDKROOT = iphoneos;
				SWIFT_COMPILATION_MODE = wholemodule;
				SWIFT_OPTIMIZATION_LEVEL = "-O";
				VALIDATE_PRODUCT = YES;
			};
			name = Release;
		};
		76D322432855B4E5008E1052 /* Debug */ = {
			isa = XCBuildConfiguration;
			buildSettings = {
				ASSETCATALOG_COMPILER_APPICON_NAME = AppIcon;
				ASSETCATALOG_COMPILER_GLOBAL_ACCENT_COLOR_NAME = AccentColor;
				CODE_SIGN_STYLE = Automatic;
				CURRENT_PROJECT_VERSION = 1;
				DEVELOPMENT_ASSET_PATHS = "\"Monopoly Calculator/Preview Content\"";
				DEVELOPMENT_TEAM = 3Q9BE9984B;
				ENABLE_PREVIEWS = YES;
				GENERATE_INFOPLIST_FILE = YES;
				INFOPLIST_KEY_UIApplicationSceneManifest_Generation = YES;
				INFOPLIST_KEY_UIApplicationSupportsIndirectInputEvents = YES;
				INFOPLIST_KEY_UILaunchScreen_Generation = YES;
				INFOPLIST_KEY_UISupportedInterfaceOrientations_iPad = "UIInterfaceOrientationPortrait UIInterfaceOrientationPortraitUpsideDown UIInterfaceOrientationLandscapeLeft UIInterfaceOrientationLandscapeRight";
				INFOPLIST_KEY_UISupportedInterfaceOrientations_iPhone = "UIInterfaceOrientationPortrait UIInterfaceOrientationLandscapeLeft UIInterfaceOrientationLandscapeRight";
				LD_RUNPATH_SEARCH_PATHS = (
					"$(inherited)",
					"@executable_path/Frameworks",
				);
				MARKETING_VERSION = 1.0;
				PRODUCT_BUNDLE_IDENTIFIER = "com.NihalMemon.Monopoly-Calculator";
				PRODUCT_NAME = "$(TARGET_NAME)";
				SWIFT_EMIT_LOC_STRINGS = YES;
				SWIFT_VERSION = 5.0;
				TARGETED_DEVICE_FAMILY = "1,2";
			};
			name = Debug;
		};
		76D322442855B4E5008E1052 /* Release */ = {
			isa = XCBuildConfiguration;
			buildSettings = {
				ASSETCATALOG_COMPILER_APPICON_NAME = AppIcon;
				ASSETCATALOG_COMPILER_GLOBAL_ACCENT_COLOR_NAME = AccentColor;
				CODE_SIGN_STYLE = Automatic;
				CURRENT_PROJECT_VERSION = 1;
				DEVELOPMENT_ASSET_PATHS = "\"Monopoly Calculator/Preview Content\"";
				DEVELOPMENT_TEAM = 3Q9BE9984B;
				ENABLE_PREVIEWS = YES;
				GENERATE_INFOPLIST_FILE = YES;
				INFOPLIST_KEY_UIApplicationSceneManifest_Generation = YES;
				INFOPLIST_KEY_UIApplicationSupportsIndirectInputEvents = YES;
				INFOPLIST_KEY_UILaunchScreen_Generation = YES;
				INFOPLIST_KEY_UISupportedInterfaceOrientations_iPad = "UIInterfaceOrientationPortrait UIInterfaceOrientationPortraitUpsideDown UIInterfaceOrientationLandscapeLeft UIInterfaceOrientationLandscapeRight";
				INFOPLIST_KEY_UISupportedInterfaceOrientations_iPhone = "UIInterfaceOrientationPortrait UIInterfaceOrientationLandscapeLeft UIInterfaceOrientationLandscapeRight";
				LD_RUNPATH_SEARCH_PATHS = (
					"$(inherited)",
					"@executable_path/Frameworks",
				);
				MARKETING_VERSION = 1.0;
				PRODUCT_BUNDLE_IDENTIFIER = "com.NihalMemon.Monopoly-Calculator";
				PRODUCT_NAME = "$(TARGET_NAME)";
				SWIFT_EMIT_LOC_STRINGS = YES;
				SWIFT_VERSION = 5.0;
				TARGETED_DEVICE_FAMILY = "1,2";
			};
			name = Release;
		};
/* End XCBuildConfiguration section */

/* Begin XCConfigurationList section */
		76D3222F2855B4E3008E1052 /* Build configuration list for PBXProject "Monopoly Calculator" */ = {
			isa = XCConfigurationList;
			buildConfigurations = (
				76D322402855B4E5008E1052 /* Debug */,
				76D322412855B4E5008E1052 /* Release */,
			);
			defaultConfigurationIsVisible = 0;
			defaultConfigurationName = Release;
		};
		76D322422855B4E5008E1052 /* Build configuration list for PBXNativeTarget "Monopoly Calculator" */ = {
			isa = XCConfigurationList;
			buildConfigurations = (
				76D322432855B4E5008E1052 /* Debug */,
				76D322442855B4E5008E1052 /* Release */,
			);
			defaultConfigurationIsVisible = 0;
			defaultConfigurationName = Release;
		};
/* End XCConfigurationList section */
	};
	rootObject = 76D3222C2855B4E3008E1052 /* Project object */;
}
